
Microsoft Visual Studio Solution File, Format Version 12.00
# Visual Studio Version 17
VisualStudioVersion = 17.2.32616.157
MinimumVisualStudioVersion = 10.0.40219.1
Project("{2150E333-8FDC-42A3-9474-1A3956D46DE8}") = "0 Tests", "0 Tests", "{364A8B45-D53A-4777-85AA-B7C33A359086}"
EndProject
Project("{2150E333-8FDC-42A3-9474-1A3956D46DE8}") = "1 Api", "1 Api", "{E2B67A42-A66D-4846-826D-45A1C2284F3D}"
EndProject
Project("{2150E333-8FDC-42A3-9474-1A3956D46DE8}") = "2 Application", "2 Application", "{01E055D8-5088-4519-956A-917E095C2DBF}"
EndProject
Project("{2150E333-8FDC-42A3-9474-1A3956D46DE8}") = "3 Data", "3 Data", "{17D069F3-DFAE-467A-BB03-5828CAC9E1A8}"
EndProject
Project("{2150E333-8FDC-42A3-9474-1A3956D46DE8}") = "4 Common", "4 Common", "{C1BCB0D5-2AE0-4091-89DE-4E187829439C}"
EndProject
Project("{2150E333-8FDC-42A3-9474-1A3956D46DE8}") = "5 Microservices", "5 Microservices", "{6723A735-E63A-4CFE-826C-8B7781AAD215}"
EndProject
Project("{9A19103F-16F7-4668-BE54-9A1E7A4F7556}") = "Shopping.Pal.API", "Shopping.Pal.API\Shopping.Pal.API.csproj", "{75E658A7-F49E-41BF-833A-092292F9F55C}"
EndProject
Project("{FAE04EC0-301F-11D3-BF4B-00C04F79EFBC}") = "Shopping.Pal.Data", "Shopping.Pal.Data\Shopping.Pal.Data.csproj", "{2A4DE660-9AC6-4FBC-B578-21381D77195B}"
EndProject
Project("{FAE04EC0-301F-11D3-BF4B-00C04F79EFBC}") = "Shopping.Pal.API.Test", "Shopping.Pal.Tests\Shopping.Pal.API.Test.csproj", "{37B887E4-9AC1-4809-B1CC-9A399DF54C45}"
EndProject
Global
	GlobalSection(SolutionConfigurationPlatforms) = preSolution
		Debug|Any CPU = Debug|Any CPU
		Release|Any CPU = Release|Any CPU
	EndGlobalSection
	GlobalSection(ProjectConfigurationPlatforms) = postSolution
		{75E658A7-F49E-41BF-833A-092292F9F55C}.Debug|Any CPU.ActiveCfg = Debug|Any CPU
		{75E658A7-F49E-41BF-833A-092292F9F55C}.Debug|Any CPU.Build.0 = Debug|Any CPU
		{75E658A7-F49E-41BF-833A-092292F9F55C}.Release|Any CPU.ActiveCfg = Release|Any CPU
		{75E658A7-F49E-41BF-833A-092292F9F55C}.Release|Any CPU.Build.0 = Release|Any CPU
		{2A4DE660-9AC6-4FBC-B578-21381D77195B}.Debug|Any CPU.ActiveCfg = Debug|Any CPU
		{2A4DE660-9AC6-4FBC-B578-21381D77195B}.Debug|Any CPU.Build.0 = Debug|Any CPU
		{2A4DE660-9AC6-4FBC-B578-21381D77195B}.Release|Any CPU.ActiveCfg = Release|Any CPU
		{2A4DE660-9AC6-4FBC-B578-21381D77195B}.Release|Any CPU.Build.0 = Release|Any CPU
		{37B887E4-9AC1-4809-B1CC-9A399DF54C45}.Debug|Any CPU.ActiveCfg = Debug|Any CPU
		{37B887E4-9AC1-4809-B1CC-9A399DF54C45}.Debug|Any CPU.Build.0 = Debug|Any CPU
		{37B887E4-9AC1-4809-B1CC-9A399DF54C45}.Release|Any CPU.ActiveCfg = Release|Any CPU
		{37B887E4-9AC1-4809-B1CC-9A399DF54C45}.Release|Any CPU.Build.0 = Release|Any CPU
	EndGlobalSection
	GlobalSection(SolutionProperties) = preSolution
		HideSolutionNode = FALSE
	EndGlobalSection
	GlobalSection(NestedProjects) = preSolution
		{75E658A7-F49E-41BF-833A-092292F9F55C} = {E2B67A42-A66D-4846-826D-45A1C2284F3D}
		{2A4DE660-9AC6-4FBC-B578-21381D77195B} = {17D069F3-DFAE-467A-BB03-5828CAC9E1A8}
		{37B887E4-9AC1-4809-B1CC-9A399DF54C45} = {364A8B45-D53A-4777-85AA-B7C33A359086}
	EndGlobalSection
	GlobalSection(ExtensibilityGlobals) = postSolution
		SolutionGuid = {924318FD-682C-4ADB-A4D4-E21FF4B3CBB1}
	EndGlobalSection
EndGlobal
